
Microsoft Visual Studio Solution File, Format Version 12.00
# Visual Studio Version 17
VisualStudioVersion = 17.14.36414.22
MinimumVisualStudioVersion = 10.0.40219.1
Project("{FAE04EC0-301F-11D3-BF4B-00C04F79EFBC}") = "Biblioteca", "Biblioteca\Biblioteca.csproj", "{B4E63D1E-A364-447B-A451-568EE81BC19D}"
EndProject
Global
	GlobalSection(SolutionConfigurationPlatforms) = preSolution
		Debug|Any CPU = Debug|Any CPU
		Release|Any CPU = Release|Any CPU
	EndGlobalSection
	GlobalSection(ProjectConfigurationPlatforms) = postSolution
		{B4E63D1E-A364-447B-A451-568EE81BC19D}.Debug|Any CPU.ActiveCfg = Debug|Any CPU
		{B4E63D1E-A364-447B-A451-568EE81BC19D}.Debug|Any CPU.Build.0 = Debug|Any CPU
		{B4E63D1E-A364-447B-A451-568EE81BC19D}.Release|Any CPU.ActiveCfg = Release|Any CPU
		{B4E63D1E-A364-447B-A451-568EE81BC19D}.Release|Any CPU.Build.0 = Release|Any CPU
	EndGlobalSection
	GlobalSection(SolutionProperties) = preSolution
		HideSolutionNode = FALSE
	EndGlobalSection
	GlobalSection(ExtensibilityGlobals) = postSolution
		SolutionGuid = {0640D196-A0DE-49FD-8116-5AF535C3379D}
	EndGlobalSection
EndGlobal
